// !$*UTF8*$!
{
	archiveVersion = 1;
	classes = {
	};
	objectVersion = 50;
	objects = {

/* Begin PBXBuildFile section */
		84FEBFDF2338C41500709814 /* AppDelegate.swift in Sources */ = {isa = PBXBuildFile; fileRef = 84FEBFDE2338C41500709814 /* AppDelegate.swift */; };
		84FEBFE12338C41500709814 /* SceneDelegate.swift in Sources */ = {isa = PBXBuildFile; fileRef = 84FEBFE02338C41500709814 /* SceneDelegate.swift */; };
		84FEBFE32338C41500709814 /* ContentView.swift in Sources */ = {isa = PBXBuildFile; fileRef = 84FEBFE22338C41500709814 /* ContentView.swift */; };
		84FEBFE52338C41600709814 /* Assets.xcassets in Resources */ = {isa = PBXBuildFile; fileRef = 84FEBFE42338C41600709814 /* Assets.xcassets */; };
		84FEBFE82338C41600709814 /* Preview Assets.xcassets in Resources */ = {isa = PBXBuildFile; fileRef = 84FEBFE72338C41600709814 /* Preview Assets.xcassets */; };
		84FEBFEB2338C41600709814 /* LaunchScreen.storyboard in Resources */ = {isa = PBXBuildFile; fileRef = 84FEBFE92338C41600709814 /* LaunchScreen.storyboard */; };
		84FEBFF62338C41600709814 /* MagicSampleTests.swift in Sources */ = {isa = PBXBuildFile; fileRef = 84FEBFF52338C41600709814 /* MagicSampleTests.swift */; };
		84FEC0012338C41600709814 /* MagicSampleUITests.swift in Sources */ = {isa = PBXBuildFile; fileRef = 84FEC0002338C41600709814 /* MagicSampleUITests.swift */; };
/* End PBXBuildFile section */

/* Begin PBXContainerItemProxy section */
		84FEBFF22338C41600709814 /* PBXContainerItemProxy */ = {
			isa = PBXContainerItemProxy;
			containerPortal = 84FEBFD32338C41500709814 /* Project object */;
			proxyType = 1;
			remoteGlobalIDString = 84FEBFDA2338C41500709814;
			remoteInfo = MagicSample;
		};
		84FEBFFD2338C41600709814 /* PBXContainerItemProxy */ = {
			isa = PBXContainerItemProxy;
			containerPortal = 84FEBFD32338C41500709814 /* Project object */;
			proxyType = 1;
			remoteGlobalIDString = 84FEBFDA2338C41500709814;
			remoteInfo = MagicSample;
		};
/* End PBXContainerItemProxy section */

/* Begin PBXFileReference section */
		84FEBFDB2338C41500709814 /* MagicSample.app */ = {isa = PBXFileReference; explicitFileType = wrapper.application; includeInIndex = 0; path = MagicSample.app; sourceTree = BUILT_PRODUCTS_DIR; };
		84FEBFDE2338C41500709814 /* AppDelegate.swift */ = {isa = PBXFileReference; lastKnownFileType = sourcecode.swift; path = AppDelegate.swift; sourceTree = "<group>"; };
		84FEBFE02338C41500709814 /* SceneDelegate.swift */ = {isa = PBXFileReference; lastKnownFileType = sourcecode.swift; path = SceneDelegate.swift; sourceTree = "<group>"; };
		84FEBFE22338C41500709814 /* ContentView.swift */ = {isa = PBXFileReference; lastKnownFileType = sourcecode.swift; path = ContentView.swift; sourceTree = "<group>"; };
		84FEBFE42338C41600709814 /* Assets.xcassets */ = {isa = PBXFileReference; lastKnownFileType = folder.assetcatalog; path = Assets.xcassets; sourceTree = "<group>"; };
		84FEBFE72338C41600709814 /* Preview Assets.xcassets */ = {isa = PBXFileReference; lastKnownFileType = folder.assetcatalog; path = "Preview Assets.xcassets"; sourceTree = "<group>"; };
		84FEBFEA2338C41600709814 /* Base */ = {isa = PBXFileReference; lastKnownFileType = file.storyboard; name = Base; path = Base.lproj/LaunchScreen.storyboard; sourceTree = "<group>"; };
		84FEBFEC2338C41600709814 /* Info.plist */ = {isa = PBXFileReference; lastKnownFileType = text.plist.xml; path = Info.plist; sourceTree = "<group>"; };
		84FEBFF12338C41600709814 /* MagicSampleTests.xctest */ = {isa = PBXFileReference; explicitFileType = wrapper.cfbundle; includeInIndex = 0; path = MagicSampleTests.xctest; sourceTree = BUILT_PRODUCTS_DIR; };
		84FEBFF52338C41600709814 /* MagicSampleTests.swift */ = {isa = PBXFileReference; lastKnownFileType = sourcecode.swift; path = MagicSampleTests.swift; sourceTree = "<group>"; };
		84FEBFF72338C41600709814 /* Info.plist */ = {isa = PBXFileReference; lastKnownFileType = text.plist.xml; path = Info.plist; sourceTree = "<group>"; };
		84FEBFFC2338C41600709814 /* MagicSampleUITests.xctest */ = {isa = PBXFileReference; explicitFileType = wrapper.cfbundle; includeInIndex = 0; path = MagicSampleUITests.xctest; sourceTree = BUILT_PRODUCTS_DIR; };
		84FEC0002338C41600709814 /* MagicSampleUITests.swift */ = {isa = PBXFileReference; lastKnownFileType = sourcecode.swift; path = MagicSampleUITests.swift; sourceTree = "<group>"; };
		84FEC0022338C41600709814 /* Info.plist */ = {isa = PBXFileReference; lastKnownFileType = text.plist.xml; path = Info.plist; sourceTree = "<group>"; };
/* End PBXFileReference section */

/* Begin PBXFrameworksBuildPhase section */
		84FEBFD82338C41500709814 /* Frameworks */ = {
			isa = PBXFrameworksBuildPhase;
			buildActionMask = 2147483647;
			files = (
			);
			runOnlyForDeploymentPostprocessing = 0;
		};
		84FEBFEE2338C41600709814 /* Frameworks */ = {
			isa = PBXFrameworksBuildPhase;
			buildActionMask = 2147483647;
			files = (
			);
			runOnlyForDeploymentPostprocessing = 0;
		};
		84FEBFF92338C41600709814 /* Frameworks */ = {
			isa = PBXFrameworksBuildPhase;
			buildActionMask = 2147483647;
			files = (
			);
			runOnlyForDeploymentPostprocessing = 0;
		};
/* End PBXFrameworksBuildPhase section */

/* Begin PBXGroup section */
		84FEBFD22338C41500709814 = {
			isa = PBXGroup;
			children = (
				84FEBFDD2338C41500709814 /* MagicSample */,
				84FEBFF42338C41600709814 /* MagicSampleTests */,
				84FEBFFF2338C41600709814 /* MagicSampleUITests */,
				84FEBFDC2338C41500709814 /* Products */,
			);
			sourceTree = "<group>";
		};
		84FEBFDC2338C41500709814 /* Products */ = {
			isa = PBXGroup;
			children = (
				84FEBFDB2338C41500709814 /* MagicSample.app */,
				84FEBFF12338C41600709814 /* MagicSampleTests.xctest */,
				84FEBFFC2338C41600709814 /* MagicSampleUITests.xctest */,
			);
			name = Products;
			sourceTree = "<group>";
		};
		84FEBFDD2338C41500709814 /* MagicSample */ = {
			isa = PBXGroup;
			children = (
				84FEBFDE2338C41500709814 /* AppDelegate.swift */,
				84FEBFE02338C41500709814 /* SceneDelegate.swift */,
				84FEBFE22338C41500709814 /* ContentView.swift */,
				84FEBFE42338C41600709814 /* Assets.xcassets */,
				84FEBFE92338C41600709814 /* LaunchScreen.storyboard */,
				84FEBFEC2338C41600709814 /* Info.plist */,
				84FEBFE62338C41600709814 /* Preview Content */,
			);
			path = MagicSample;
			sourceTree = "<group>";
		};
		84FEBFE62338C41600709814 /* Preview Content */ = {
			isa = PBXGroup;
			children = (
				84FEBFE72338C41600709814 /* Preview Assets.xcassets */,
			);
			path = "Preview Content";
			sourceTree = "<group>";
		};
		84FEBFF42338C41600709814 /* MagicSampleTests */ = {
			isa = PBXGroup;
			children = (
				84FEBFF52338C41600709814 /* MagicSampleTests.swift */,
				84FEBFF72338C41600709814 /* Info.plist */,
			);
			path = MagicSampleTests;
			sourceTree = "<group>";
		};
		84FEBFFF2338C41600709814 /* MagicSampleUITests */ = {
			isa = PBXGroup;
			children = (
				84FEC0002338C41600709814 /* MagicSampleUITests.swift */,
				84FEC0022338C41600709814 /* Info.plist */,
			);
			path = MagicSampleUITests;
			sourceTree = "<group>";
		};
/* End PBXGroup section */

/* Begin PBXNativeTarget section */
		84FEBFDA2338C41500709814 /* MagicSample */ = {
			isa = PBXNativeTarget;
			buildConfigurationList = 84FEC0052338C41600709814 /* Build configuration list for PBXNativeTarget "MagicSample" */;
			buildPhases = (
				84FEBFD72338C41500709814 /* Sources */,
				84FEBFD82338C41500709814 /* Frameworks */,
				84FEBFD92338C41500709814 /* Resources */,
			);
			buildRules = (
			);
			dependencies = (
			);
			name = MagicSample;
			productName = MagicSample;
			productReference = 84FEBFDB2338C41500709814 /* MagicSample.app */;
			productType = "com.apple.product-type.application";
		};
		84FEBFF02338C41600709814 /* MagicSampleTests */ = {
			isa = PBXNativeTarget;
			buildConfigurationList = 84FEC0082338C41600709814 /* Build configuration list for PBXNativeTarget "MagicSampleTests" */;
			buildPhases = (
				84FEBFED2338C41600709814 /* Sources */,
				84FEBFEE2338C41600709814 /* Frameworks */,
				84FEBFEF2338C41600709814 /* Resources */,
			);
			buildRules = (
			);
			dependencies = (
				84FEBFF32338C41600709814 /* PBXTargetDependency */,
			);
			name = MagicSampleTests;
			productName = MagicSampleTests;
			productReference = 84FEBFF12338C41600709814 /* MagicSampleTests.xctest */;
			productType = "com.apple.product-type.bundle.unit-test";
		};
		84FEBFFB2338C41600709814 /* MagicSampleUITests */ = {
			isa = PBXNativeTarget;
			buildConfigurationList = 84FEC00B2338C41600709814 /* Build configuration list for PBXNativeTarget "MagicSampleUITests" */;
			buildPhases = (
				84FEBFF82338C41600709814 /* Sources */,
				84FEBFF92338C41600709814 /* Frameworks */,
				84FEBFFA2338C41600709814 /* Resources */,
			);
			buildRules = (
			);
			dependencies = (
				84FEBFFE2338C41600709814 /* PBXTargetDependency */,
			);
			name = MagicSampleUITests;
			productName = MagicSampleUITests;
			productReference = 84FEBFFC2338C41600709814 /* MagicSampleUITests.xctest */;
			productType = "com.apple.product-type.bundle.ui-testing";
		};
/* End PBXNativeTarget section */

/* Begin PBXProject section */
		84FEBFD32338C41500709814 /* Project object */ = {
			isa = PBXProject;
			attributes = {
				LastSwiftUpdateCheck = 1100;
				LastUpgradeCheck = 1100;
				ORGANIZATIONNAME = raniys;
				TargetAttributes = {
					84FEBFDA2338C41500709814 = {
						CreatedOnToolsVersion = 11.0;
					};
					84FEBFF02338C41600709814 = {
						CreatedOnToolsVersion = 11.0;
						TestTargetID = 84FEBFDA2338C41500709814;
					};
					84FEBFFB2338C41600709814 = {
						CreatedOnToolsVersion = 11.0;
						TestTargetID = 84FEBFDA2338C41500709814;
					};
				};
			};
			buildConfigurationList = 84FEBFD62338C41500709814 /* Build configuration list for PBXProject "MagicSample" */;
			compatibilityVersion = "Xcode 9.3";
			developmentRegion = en;
			hasScannedForEncodings = 0;
			knownRegions = (
				en,
				Base,
			);
			mainGroup = 84FEBFD22338C41500709814;
			productRefGroup = 84FEBFDC2338C41500709814 /* Products */;
			projectDirPath = "";
			projectRoot = "";
			targets = (
				84FEBFDA2338C41500709814 /* MagicSample */,
				84FEBFF02338C41600709814 /* MagicSampleTests */,
				84FEBFFB2338C41600709814 /* MagicSampleUITests */,
			);
		};
/* End PBXProject section */

/* Begin PBXResourcesBuildPhase section */
		84FEBFD92338C41500709814 /* Resources */ = {
			isa = PBXResourcesBuildPhase;
			buildActionMask = 2147483647;
			files = (
				84FEBFEB2338C41600709814 /* LaunchScreen.storyboard in Resources */,
				84FEBFE82338C41600709814 /* Preview Assets.xcassets in Resources */,
				84FEBFE52338C41600709814 /* Assets.xcassets in Resources */,
			);
			runOnlyForDeploymentPostprocessing = 0;
		};
		84FEBFEF2338C41600709814 /* Resources */ = {
			isa = PBXResourcesBuildPhase;
			buildActionMask = 2147483647;
			files = (
			);
			runOnlyForDeploymentPostprocessing = 0;
		};
		84FEBFFA2338C41600709814 /* Resources */ = {
			isa = PBXResourcesBuildPhase;
			buildActionMask = 2147483647;
			files = (
			);
			runOnlyForDeploymentPostprocessing = 0;
		};
/* End PBXResourcesBuildPhase section */

/* Begin PBXSourcesBuildPhase section */
		84FEBFD72338C41500709814 /* Sources */ = {
			isa = PBXSourcesBuildPhase;
			buildActionMask = 2147483647;
			files = (
				84FEBFDF2338C41500709814 /* AppDelegate.swift in Sources */,
				84FEBFE12338C41500709814 /* SceneDelegate.swift in Sources */,
				84FEBFE32338C41500709814 /* ContentView.swift in Sources */,
			);
			runOnlyForDeploymentPostprocessing = 0;
		};
		84FEBFED2338C41600709814 /* Sources */ = {
			isa = PBXSourcesBuildPhase;
			buildActionMask = 2147483647;
			files = (
				84FEBFF62338C41600709814 /* MagicSampleTests.swift in Sources */,
			);
			runOnlyForDeploymentPostprocessing = 0;
		};
		84FEBFF82338C41600709814 /* Sources */ = {
			isa = PBXSourcesBuildPhase;
			buildActionMask = 2147483647;
			files = (
				84FEC0012338C41600709814 /* MagicSampleUITests.swift in Sources */,
			);
			runOnlyForDeploymentPostprocessing = 0;
		};
/* End PBXSourcesBuildPhase section */

/* Begin PBXTargetDependency section */
		84FEBFF32338C41600709814 /* PBXTargetDependency */ = {
			isa = PBXTargetDependency;
			target = 84FEBFDA2338C41500709814 /* MagicSample */;
			targetProxy = 84FEBFF22338C41600709814 /* PBXContainerItemProxy */;
		};
		84FEBFFE2338C41600709814 /* PBXTargetDependency */ = {
			isa = PBXTargetDependency;
			target = 84FEBFDA2338C41500709814 /* MagicSample */;
			targetProxy = 84FEBFFD2338C41600709814 /* PBXContainerItemProxy */;
		};
/* End PBXTargetDependency section */

/* Begin PBXVariantGroup section */
		84FEBFE92338C41600709814 /* LaunchScreen.storyboard */ = {
			isa = PBXVariantGroup;
			children = (
				84FEBFEA2338C41600709814 /* Base */,
			);
			name = LaunchScreen.storyboard;
			sourceTree = "<group>";
		};
/* End PBXVariantGroup section */

/* Begin XCBuildConfiguration section */
		84FEC0032338C41600709814 /* Debug */ = {
			isa = XCBuildConfiguration;
			buildSettings = {
				ALWAYS_SEARCH_USER_PATHS = NO;
				CLANG_ANALYZER_NONNULL = YES;
				CLANG_ANALYZER_NUMBER_OBJECT_CONVERSION = YES_AGGRESSIVE;
				CLANG_CXX_LANGUAGE_STANDARD = "gnu++14";
				CLANG_CXX_LIBRARY = "libc++";
				CLANG_ENABLE_MODULES = YES;
				CLANG_ENABLE_OBJC_ARC = YES;
				CLANG_ENABLE_OBJC_WEAK = YES;
				CLANG_WARN_BLOCK_CAPTURE_AUTORELEASING = YES;
				CLANG_WARN_BOOL_CONVERSION = YES;
				CLANG_WARN_COMMA = YES;
				CLANG_WARN_CONSTANT_CONVERSION = YES;
				CLANG_WARN_DEPRECATED_OBJC_IMPLEMENTATIONS = YES;
				CLANG_WARN_DIRECT_OBJC_ISA_USAGE = YES_ERROR;
				CLANG_WARN_DOCUMENTATION_COMMENTS = YES;
				CLANG_WARN_EMPTY_BODY = YES;
				CLANG_WARN_ENUM_CONVERSION = YES;
				CLANG_WARN_INFINITE_RECURSION = YES;
				CLANG_WARN_INT_CONVERSION = YES;
				CLANG_WARN_NON_LITERAL_NULL_CONVERSION = YES;
				CLANG_WARN_OBJC_IMPLICIT_RETAIN_SELF = YES;
				CLANG_WARN_OBJC_LITERAL_CONVERSION = YES;
				CLANG_WARN_OBJC_ROOT_CLASS = YES_ERROR;
				CLANG_WARN_RANGE_LOOP_ANALYSIS = YES;
				CLANG_WARN_STRICT_PROTOTYPES = YES;
				CLANG_WARN_SUSPICIOUS_MOVE = YES;
				CLANG_WARN_UNGUARDED_AVAILABILITY = YES_AGGRESSIVE;
				CLANG_WARN_UNREACHABLE_CODE = YES;
				CLANG_WARN__DUPLICATE_METHOD_MATCH = YES;
				COPY_PHASE_STRIP = NO;
				DEBUG_INFORMATION_FORMAT = dwarf;
				ENABLE_STRICT_OBJC_MSGSEND = YES;
				ENABLE_TESTABILITY = YES;
				GCC_C_LANGUAGE_STANDARD = gnu11;
				GCC_DYNAMIC_NO_PIC = NO;
				GCC_NO_COMMON_BLOCKS = YES;
				GCC_OPTIMIZATION_LEVEL = 0;
				GCC_PREPROCESSOR_DEFINITIONS = (
					"DEBUG=1",
					"$(inherited)",
				);
				GCC_WARN_64_TO_32_BIT_CONVERSION = YES;
				GCC_WARN_ABOUT_RETURN_TYPE = YES_ERROR;
				GCC_WARN_UNDECLARED_SELECTOR = YES;
				GCC_WARN_UNINITIALIZED_AUTOS = YES_AGGRESSIVE;
				GCC_WARN_UNUSED_FUNCTION = YES;
				GCC_WARN_UNUSED_VARIABLE = YES;
				IPHONEOS_DEPLOYMENT_TARGET = 13.0;
				MTL_ENABLE_DEBUG_INFO = INCLUDE_SOURCE;
				MTL_FAST_MATH = YES;
				ONLY_ACTIVE_ARCH = YES;
				SDKROOT = iphoneos;
				SWIFT_ACTIVE_COMPILATION_CONDITIONS = DEBUG;
				SWIFT_OPTIMIZATION_LEVEL = "-Onone";
			};
			name = Debug;
		};
		84FEC0042338C41600709814 /* Release */ = {
			isa = XCBuildConfiguration;
			buildSettings = {
				ALWAYS_SEARCH_USER_PATHS = NO;
				CLANG_ANALYZER_NONNULL = YES;
				CLANG_ANALYZER_NUMBER_OBJECT_CONVERSION = YES_AGGRESSIVE;
				CLANG_CXX_LANGUAGE_STANDARD = "gnu++14";
				CLANG_CXX_LIBRARY = "libc++";
				CLANG_ENABLE_MODULES = YES;
				CLANG_ENABLE_OBJC_ARC = YES;
				CLANG_ENABLE_OBJC_WEAK = YES;
				CLANG_WARN_BLOCK_CAPTURE_AUTORELEASING = YES;
				CLANG_WARN_BOOL_CONVERSION = YES;
				CLANG_WARN_COMMA = YES;
				CLANG_WARN_CONSTANT_CONVERSION = YES;
				CLANG_WARN_DEPRECATED_OBJC_IMPLEMENTATIONS = YES;
				CLANG_WARN_DIRECT_OBJC_ISA_USAGE = YES_ERROR;
				CLANG_WARN_DOCUMENTATION_COMMENTS = YES;
				CLANG_WARN_EMPTY_BODY = YES;
				CLANG_WARN_ENUM_CONVERSION = YES;
				CLANG_WARN_INFINITE_RECURSION = YES;
				CLANG_WARN_INT_CONVERSION = YES;
				CLANG_WARN_NON_LITERAL_NULL_CONVERSION = YES;
				CLANG_WARN_OBJC_IMPLICIT_RETAIN_SELF = YES;
				CLANG_WARN_OBJC_LITERAL_CONVERSION = YES;
				CLANG_WARN_OBJC_ROOT_CLASS = YES_ERROR;
				CLANG_WARN_RANGE_LOOP_ANALYSIS = YES;
				CLANG_WARN_STRICT_PROTOTYPES = YES;
				CLANG_WARN_SUSPICIOUS_MOVE = YES;
				CLANG_WARN_UNGUARDED_AVAILABILITY = YES_AGGRESSIVE;
				CLANG_WARN_UNREACHABLE_CODE = YES;
				CLANG_WARN__DUPLICATE_METHOD_MATCH = YES;
				COPY_PHASE_STRIP = NO;
				DEBUG_INFORMATION_FORMAT = "dwarf-with-dsym";
				ENABLE_NS_ASSERTIONS = NO;
				ENABLE_STRICT_OBJC_MSGSEND = YES;
				GCC_C_LANGUAGE_STANDARD = gnu11;
				GCC_NO_COMMON_BLOCKS = YES;
				GCC_WARN_64_TO_32_BIT_CONVERSION = YES;
				GCC_WARN_ABOUT_RETURN_TYPE = YES_ERROR;
				GCC_WARN_UNDECLARED_SELECTOR = YES;
				GCC_WARN_UNINITIALIZED_AUTOS = YES_AGGRESSIVE;
				GCC_WARN_UNUSED_FUNCTION = YES;
				GCC_WARN_UNUSED_VARIABLE = YES;
				IPHONEOS_DEPLOYMENT_TARGET = 13.0;
				MTL_ENABLE_DEBUG_INFO = NO;
				MTL_FAST_MATH = YES;
				SDKROOT = iphoneos;
				SWIFT_COMPILATION_MODE = wholemodule;
				SWIFT_OPTIMIZATION_LEVEL = "-O";
				VALIDATE_PRODUCT = YES;
			};
			name = Release;
		};
		84FEC0062338C41600709814 /* Debug */ = {
			isa = XCBuildConfiguration;
			buildSettings = {
				ASSETCATALOG_COMPILER_APPICON_NAME = AppIcon;
				CODE_SIGN_STYLE = Automatic;
				DEVELOPMENT_ASSET_PATHS = "\"MagicSample/Preview Content\"";
				DEVELOPMENT_TEAM = XE45WALHU6;
				ENABLE_PREVIEWS = YES;
				INFOPLIST_FILE = MagicSample/Info.plist;
				LD_RUNPATH_SEARCH_PATHS = (
					"$(inherited)",
					"@executable_path/Frameworks",
				);
				PRODUCT_BUNDLE_IDENTIFIER = com.raniys.MagicSample;
				PRODUCT_NAME = "$(TARGET_NAME)";
				SWIFT_VERSION = 5.0;
				TARGETED_DEVICE_FAMILY = "1,2";
			};
			name = Debug;
		};
		84FEC0072338C41600709814 /* Release */ = {
			isa = XCBuildConfiguration;
			buildSettings = {
				ASSETCATALOG_COMPILER_APPICON_NAME = AppIcon;
				CODE_SIGN_STYLE = Automatic;
				DEVELOPMENT_ASSET_PATHS = "\"MagicSample/Preview Content\"";
				DEVELOPMENT_TEAM = XE45WALHU6;
				ENABLE_PREVIEWS = YES;
				INFOPLIST_FILE = MagicSample/Info.plist;
				LD_RUNPATH_SEARCH_PATHS = (
					"$(inherited)",
					"@executable_path/Frameworks",
				);
				PRODUCT_BUNDLE_IDENTIFIER = com.raniys.MagicSample;
				PRODUCT_NAME = "$(TARGET_NAME)";
				SWIFT_VERSION = 5.0;
				TARGETED_DEVICE_FAMILY = "1,2";
			};
			name = Release;
		};
		84FEC0092338C41600709814 /* Debug */ = {
			isa = XCBuildConfiguration;
			buildSettings = {
				ALWAYS_EMBED_SWIFT_STANDARD_LIBRARIES = YES;
				BUNDLE_LOADER = "$(TEST_HOST)";
				CODE_SIGN_STYLE = Automatic;
				DEVELOPMENT_TEAM = XE45WALHU6;
				INFOPLIST_FILE = MagicSampleTests/Info.plist;
				IPHONEOS_DEPLOYMENT_TARGET = 13.0;
				LD_RUNPATH_SEARCH_PATHS = (
					"$(inherited)",
					"@executable_path/Frameworks",
					"@loader_path/Frameworks",
				);
				PRODUCT_BUNDLE_IDENTIFIER = com.raniys.MagicSampleTests;
				PRODUCT_NAME = "$(TARGET_NAME)";
				SWIFT_VERSION = 5.0;
				TARGETED_DEVICE_FAMILY = "1,2";
				TEST_HOST = "$(BUILT_PRODUCTS_DIR)/MagicSample.app/MagicSample";
			};
			name = Debug;
		};
		84FEC00A2338C41600709814 /* Release */ = {
			isa = XCBuildConfiguration;
			buildSettings = {
				ALWAYS_EMBED_SWIFT_STANDARD_LIBRARIES = YES;
				BUNDLE_LOADER = "$(TEST_HOST)";
				CODE_SIGN_STYLE = Automatic;
				DEVELOPMENT_TEAM = XE45WALHU6;
				INFOPLIST_FILE = MagicSampleTests/Info.plist;
				IPHONEOS_DEPLOYMENT_TARGET = 13.0;
				LD_RUNPATH_SEARCH_PATHS = (
					"$(inherited)",
					"@executable_path/Frameworks",
					"@loader_path/Frameworks",
				);
				PRODUCT_BUNDLE_IDENTIFIER = com.raniys.MagicSampleTests;
				PRODUCT_NAME = "$(TARGET_NAME)";
				SWIFT_VERSION = 5.0;
				TARGETED_DEVICE_FAMILY = "1,2";
				TEST_HOST = "$(BUILT_PRODUCTS_DIR)/MagicSample.app/MagicSample";
			};
			name = Release;
		};
		84FEC00C2338C41600709814 /* Debug */ = {
			isa = XCBuildConfiguration;
			buildSettings = {
				ALWAYS_EMBED_SWIFT_STANDARD_LIBRARIES = YES;
				CODE_SIGN_STYLE = Automatic;
				DEVELOPMENT_TEAM = XE45WALHU6;
				INFOPLIST_FILE = MagicSampleUITests/Info.plist;
				LD_RUNPATH_SEARCH_PATHS = (
					"$(inherited)",
					"@executable_path/Frameworks",
					"@loader_path/Frameworks",
				);
				PRODUCT_BUNDLE_IDENTIFIER = com.raniys.MagicSampleUITests;
				PRODUCT_NAME = "$(TARGET_NAME)";
				SWIFT_VERSION = 5.0;
				TARGETED_DEVICE_FAMILY = "1,2";
				TEST_TARGET_NAME = MagicSample;
			};
			name = Debug;
		};
		84FEC00D2338C41600709814 /* Release */ = {
			isa = XCBuildConfiguration;
			buildSettings = {
				ALWAYS_EMBED_SWIFT_STANDARD_LIBRARIES = YES;
				CODE_SIGN_STYLE = Automatic;
				DEVELOPMENT_TEAM = XE45WALHU6;
				INFOPLIST_FILE = MagicSampleUITests/Info.plist;
				LD_RUNPATH_SEARCH_PATHS = (
					"$(inherited)",
					"@executable_path/Frameworks",
					"@loader_path/Frameworks",
				);
				PRODUCT_BUNDLE_IDENTIFIER = com.raniys.MagicSampleUITests;
				PRODUCT_NAME = "$(TARGET_NAME)";
				SWIFT_VERSION = 5.0;
				TARGETED_DEVICE_FAMILY = "1,2";
				TEST_TARGET_NAME = MagicSample;
			};
			name = Release;
		};
/* End XCBuildConfiguration section */

/* Begin XCConfigurationList section */
		84FEBFD62338C41500709814 /* Build configuration list for PBXProject "MagicSample" */ = {
			isa = XCConfigurationList;
			buildConfigurations = (
				84FEC0032338C41600709814 /* Debug */,
				84FEC0042338C41600709814 /* Release */,
			);
			defaultConfigurationIsVisible = 0;
			defaultConfigurationName = Release;
		};
		84FEC0052338C41600709814 /* Build configuration list for PBXNativeTarget "MagicSample" */ = {
			isa = XCConfigurationList;
			buildConfigurations = (
				84FEC0062338C41600709814 /* Debug */,
				84FEC0072338C41600709814 /* Release */,
			);
			defaultConfigurationIsVisible = 0;
			defaultConfigurationName = Release;
		};
		84FEC0082338C41600709814 /* Build configuration list for PBXNativeTarget "MagicSampleTests" */ = {
			isa = XCConfigurationList;
			buildConfigurations = (
				84FEC0092338C41600709814 /* Debug */,
				84FEC00A2338C41600709814 /* Release */,
			);
			defaultConfigurationIsVisible = 0;
			defaultConfigurationName = Release;
		};
		84FEC00B2338C41600709814 /* Build configuration list for PBXNativeTarget "MagicSampleUITests" */ = {
			isa = XCConfigurationList;
			buildConfigurations = (
				84FEC00C2338C41600709814 /* Debug */,
				84FEC00D2338C41600709814 /* Release */,
			);
			defaultConfigurationIsVisible = 0;
			defaultConfigurationName = Release;
		};
/* End XCConfigurationList section */
	};
	rootObject = 84FEBFD32338C41500709814 /* Project object */;
}
